
Microsoft Visual Studio Solution File, Format Version 12.00
# Visual Studio 14
VisualStudioVersion = 14.0.23107.0
MinimumVisualStudioVersion = 10.0.40219.1
Project("{FAE04EC0-301F-11D3-BF4B-00C04F79EFBC}") = "System.Diagnostics.Tracer", "System.Diagnostics.Tracer\System.Diagnostics.Tracer.csproj", "{AD4BEDB9-5257-4D26-BDBD-78FC8824EE22}"
EndProject
Project("{FAE04EC0-301F-11D3-BF4B-00C04F79EFBC}") = "System.Diagnostics.Tracer.Tests", "System.Diagnostics.Tracer.Tests\System.Diagnostics.Tracer.Tests.csproj", "{110FA3E8-F344-42DC-88E9-1115A2D766C7}"
EndProject
Global
	GlobalSection(SolutionConfigurationPlatforms) = preSolution
		Debug|Any CPU = Debug|Any CPU
		Release|Any CPU = Release|Any CPU
	EndGlobalSection
	GlobalSection(ProjectConfigurationPlatforms) = postSolution
		{AD4BEDB9-5257-4D26-BDBD-78FC8824EE22}.Debug|Any CPU.ActiveCfg = Debug|Any CPU
		{AD4BEDB9-5257-4D26-BDBD-78FC8824EE22}.Debug|Any CPU.Build.0 = Debug|Any CPU
		{AD4BEDB9-5257-4D26-BDBD-78FC8824EE22}.Release|Any CPU.ActiveCfg = Release|Any CPU
		{AD4BEDB9-5257-4D26-BDBD-78FC8824EE22}.Release|Any CPU.Build.0 = Release|Any CPU
		{110FA3E8-F344-42DC-88E9-1115A2D766C7}.Debug|Any CPU.ActiveCfg = Debug|Any CPU
		{110FA3E8-F344-42DC-88E9-1115A2D766C7}.Debug|Any CPU.Build.0 = Debug|Any CPU
		{110FA3E8-F344-42DC-88E9-1115A2D766C7}.Release|Any CPU.ActiveCfg = Release|Any CPU
		{110FA3E8-F344-42DC-88E9-1115A2D766C7}.Release|Any CPU.Build.0 = Release|Any CPU
	EndGlobalSection
	GlobalSection(SolutionProperties) = preSolution
		HideSolutionNode = FALSE
	EndGlobalSection
EndGlobal
